
Microsoft Visual Studio Solution File, Format Version 12.00
# 
Project("{2150E333-8FDC-42A3-9474-1A3956D46DE8}") = "src", "src", "{F2E2344E-309D-462D-97B5-B8B68ACADB08}"
EndProject
Project("{FAE04EC0-301F-11D3-BF4B-00C04F79EFBC}") = "AuctionService", "src\AuctionService\AuctionService.csproj", "{E1527F00-6343-459D-87AD-CCC52A35D67B}"
EndProject
Global
	GlobalSection(SolutionConfigurationPlatforms) = preSolution
		Debug|Any CPU = Debug|Any CPU
		Release|Any CPU = Release|Any CPU
	EndGlobalSection
	GlobalSection(ProjectConfigurationPlatforms) = postSolution
		{E1527F00-6343-459D-87AD-CCC52A35D67B}.Debug|Any CPU.ActiveCfg = Debug|Any CPU
		{E1527F00-6343-459D-87AD-CCC52A35D67B}.Debug|Any CPU.Build.0 = Debug|Any CPU
		{E1527F00-6343-459D-87AD-CCC52A35D67B}.Release|Any CPU.ActiveCfg = Release|Any CPU
		{E1527F00-6343-459D-87AD-CCC52A35D67B}.Release|Any CPU.Build.0 = Release|Any CPU
	EndGlobalSection
	GlobalSection(NestedProjects) = preSolution
		{E1527F00-6343-459D-87AD-CCC52A35D67B} = {F2E2344E-309D-462D-97B5-B8B68ACADB08}
	EndGlobalSection
EndGlobal
